// !$*UTF8*$!
{
	archiveVersion = 1;
	classes = {
	};
	objectVersion = 56;
	objects = {

/* Begin PBXBuildFile section */
		DD288F9F2BAA557800E9AF65 /* LoanDetailViewsApp.swift in Sources */ = {isa = PBXBuildFile; fileRef = DD288F9E2BAA557800E9AF65 /* LoanDetailViewsApp.swift */; };
		DD288FA12BAA557800E9AF65 /* ContentView.swift in Sources */ = {isa = PBXBuildFile; fileRef = DD288FA02BAA557800E9AF65 /* ContentView.swift */; };
		DD288FA32BAA559A00E9AF65 /* Assets.xcassets in Resources */ = {isa = PBXBuildFile; fileRef = DD288FA22BAA559A00E9AF65 /* Assets.xcassets */; };
		DD288FA62BAA559A00E9AF65 /* Preview Assets.xcassets in Resources */ = {isa = PBXBuildFile; fileRef = DD288FA52BAA559A00E9AF65 /* Preview Assets.xcassets */; };
		DD288FB02BAA559A00E9AF65 /* LoanDetailViewsTests.swift in Sources */ = {isa = PBXBuildFile; fileRef = DD288FAF2BAA559A00E9AF65 /* LoanDetailViewsTests.swift */; };
		DD288FBA2BAA559B00E9AF65 /* LoanDetailViewsUITests.swift in Sources */ = {isa = PBXBuildFile; fileRef = DD288FB92BAA559B00E9AF65 /* LoanDetailViewsUITests.swift */; };
		DD288FBC2BAA559B00E9AF65 /* LoanDetailViewsUITestsLaunchTests.swift in Sources */ = {isa = PBXBuildFile; fileRef = DD288FBB2BAA559B00E9AF65 /* LoanDetailViewsUITestsLaunchTests.swift */; };
/* End PBXBuildFile section */

/* Begin PBXContainerItemProxy section */
		DD288FAC2BAA559A00E9AF65 /* PBXContainerItemProxy */ = {
			isa = PBXContainerItemProxy;
			containerPortal = DD288F932BAA557800E9AF65 /* Project object */;
			proxyType = 1;
			remoteGlobalIDString = DD288F9A2BAA557800E9AF65;
			remoteInfo = LoanDetailViews;
		};
		DD288FB62BAA559B00E9AF65 /* PBXContainerItemProxy */ = {
			isa = PBXContainerItemProxy;
			containerPortal = DD288F932BAA557800E9AF65 /* Project object */;
			proxyType = 1;
			remoteGlobalIDString = DD288F9A2BAA557800E9AF65;
			remoteInfo = LoanDetailViews;
		};
/* End PBXContainerItemProxy section */

/* Begin PBXFileReference section */
		DD288F9B2BAA557800E9AF65 /* LoanDetailViews.app */ = {isa = PBXFileReference; explicitFileType = wrapper.application; includeInIndex = 0; path = LoanDetailViews.app; sourceTree = BUILT_PRODUCTS_DIR; };
		DD288F9E2BAA557800E9AF65 /* LoanDetailViewsApp.swift */ = {isa = PBXFileReference; lastKnownFileType = sourcecode.swift; path = LoanDetailViewsApp.swift; sourceTree = "<group>"; };
		DD288FA02BAA557800E9AF65 /* ContentView.swift */ = {isa = PBXFileReference; lastKnownFileType = sourcecode.swift; path = ContentView.swift; sourceTree = "<group>"; };
		DD288FA22BAA559A00E9AF65 /* Assets.xcassets */ = {isa = PBXFileReference; lastKnownFileType = folder.assetcatalog; path = Assets.xcassets; sourceTree = "<group>"; };
		DD288FA52BAA559A00E9AF65 /* Preview Assets.xcassets */ = {isa = PBXFileReference; lastKnownFileType = folder.assetcatalog; path = "Preview Assets.xcassets"; sourceTree = "<group>"; };
		DD288FAB2BAA559A00E9AF65 /* LoanDetailViewsTests.xctest */ = {isa = PBXFileReference; explicitFileType = wrapper.cfbundle; includeInIndex = 0; path = LoanDetailViewsTests.xctest; sourceTree = BUILT_PRODUCTS_DIR; };
		DD288FAF2BAA559A00E9AF65 /* LoanDetailViewsTests.swift */ = {isa = PBXFileReference; lastKnownFileType = sourcecode.swift; path = LoanDetailViewsTests.swift; sourceTree = "<group>"; };
		DD288FB52BAA559B00E9AF65 /* LoanDetailViewsUITests.xctest */ = {isa = PBXFileReference; explicitFileType = wrapper.cfbundle; includeInIndex = 0; path = LoanDetailViewsUITests.xctest; sourceTree = BUILT_PRODUCTS_DIR; };
		DD288FB92BAA559B00E9AF65 /* LoanDetailViewsUITests.swift */ = {isa = PBXFileReference; lastKnownFileType = sourcecode.swift; path = LoanDetailViewsUITests.swift; sourceTree = "<group>"; };
		DD288FBB2BAA559B00E9AF65 /* LoanDetailViewsUITestsLaunchTests.swift */ = {isa = PBXFileReference; lastKnownFileType = sourcecode.swift; path = LoanDetailViewsUITestsLaunchTests.swift; sourceTree = "<group>"; };
/* End PBXFileReference section */

/* Begin PBXFrameworksBuildPhase section */
		DD288F982BAA557800E9AF65 /* Frameworks */ = {
			isa = PBXFrameworksBuildPhase;
			buildActionMask = 2147483647;
			files = (
			);
			runOnlyForDeploymentPostprocessing = 0;
		};
		DD288FA82BAA559A00E9AF65 /* Frameworks */ = {
			isa = PBXFrameworksBuildPhase;
			buildActionMask = 2147483647;
			files = (
			);
			runOnlyForDeploymentPostprocessing = 0;
		};
		DD288FB22BAA559B00E9AF65 /* Frameworks */ = {
			isa = PBXFrameworksBuildPhase;
			buildActionMask = 2147483647;
			files = (
			);
			runOnlyForDeploymentPostprocessing = 0;
		};
/* End PBXFrameworksBuildPhase section */

/* Begin PBXGroup section */
		DD288F922BAA557800E9AF65 = {
			isa = PBXGroup;
			children = (
				DD288F9D2BAA557800E9AF65 /* LoanDetailViews */,
				DD288FAE2BAA559A00E9AF65 /* LoanDetailViewsTests */,
				DD288FB82BAA559B00E9AF65 /* LoanDetailViewsUITests */,
				DD288F9C2BAA557800E9AF65 /* Products */,
			);
			sourceTree = "<group>";
		};
		DD288F9C2BAA557800E9AF65 /* Products */ = {
			isa = PBXGroup;
			children = (
				DD288F9B2BAA557800E9AF65 /* LoanDetailViews.app */,
				DD288FAB2BAA559A00E9AF65 /* LoanDetailViewsTests.xctest */,
				DD288FB52BAA559B00E9AF65 /* LoanDetailViewsUITests.xctest */,
			);
			name = Products;
			sourceTree = "<group>";
		};
		DD288F9D2BAA557800E9AF65 /* LoanDetailViews */ = {
			isa = PBXGroup;
			children = (
				DD288F9E2BAA557800E9AF65 /* LoanDetailViewsApp.swift */,
				DD288FA02BAA557800E9AF65 /* ContentView.swift */,
				DD288FA22BAA559A00E9AF65 /* Assets.xcassets */,
				DD288FA42BAA559A00E9AF65 /* Preview Content */,
			);
			path = LoanDetailViews;
			sourceTree = "<group>";
		};
		DD288FA42BAA559A00E9AF65 /* Preview Content */ = {
			isa = PBXGroup;
			children = (
				DD288FA52BAA559A00E9AF65 /* Preview Assets.xcassets */,
			);
			path = "Preview Content";
			sourceTree = "<group>";
		};
		DD288FAE2BAA559A00E9AF65 /* LoanDetailViewsTests */ = {
			isa = PBXGroup;
			children = (
				DD288FAF2BAA559A00E9AF65 /* LoanDetailViewsTests.swift */,
			);
			path = LoanDetailViewsTests;
			sourceTree = "<group>";
		};
		DD288FB82BAA559B00E9AF65 /* LoanDetailViewsUITests */ = {
			isa = PBXGroup;
			children = (
				DD288FB92BAA559B00E9AF65 /* LoanDetailViewsUITests.swift */,
				DD288FBB2BAA559B00E9AF65 /* LoanDetailViewsUITestsLaunchTests.swift */,
			);
			path = LoanDetailViewsUITests;
			sourceTree = "<group>";
		};
/* End PBXGroup section */

/* Begin PBXNativeTarget section */
		DD288F9A2BAA557800E9AF65 /* LoanDetailViews */ = {
			isa = PBXNativeTarget;
			buildConfigurationList = DD288FBF2BAA559B00E9AF65 /* Build configuration list for PBXNativeTarget "LoanDetailViews" */;
			buildPhases = (
				DD288F972BAA557800E9AF65 /* Sources */,
				DD288F982BAA557800E9AF65 /* Frameworks */,
				DD288F992BAA557800E9AF65 /* Resources */,
			);
			buildRules = (
			);
			dependencies = (
			);
			name = LoanDetailViews;
			productName = LoanDetailViews;
			productReference = DD288F9B2BAA557800E9AF65 /* LoanDetailViews.app */;
			productType = "com.apple.product-type.application";
		};
		DD288FAA2BAA559A00E9AF65 /* LoanDetailViewsTests */ = {
			isa = PBXNativeTarget;
			buildConfigurationList = DD288FC22BAA559B00E9AF65 /* Build configuration list for PBXNativeTarget "LoanDetailViewsTests" */;
			buildPhases = (
				DD288FA72BAA559A00E9AF65 /* Sources */,
				DD288FA82BAA559A00E9AF65 /* Frameworks */,
				DD288FA92BAA559A00E9AF65 /* Resources */,
			);
			buildRules = (
			);
			dependencies = (
				DD288FAD2BAA559A00E9AF65 /* PBXTargetDependency */,
			);
			name = LoanDetailViewsTests;
			productName = LoanDetailViewsTests;
			productReference = DD288FAB2BAA559A00E9AF65 /* LoanDetailViewsTests.xctest */;
			productType = "com.apple.product-type.bundle.unit-test";
		};
		DD288FB42BAA559B00E9AF65 /* LoanDetailViewsUITests */ = {
			isa = PBXNativeTarget;
			buildConfigurationList = DD288FC52BAA559B00E9AF65 /* Build configuration list for PBXNativeTarget "LoanDetailViewsUITests" */;
			buildPhases = (
				DD288FB12BAA559B00E9AF65 /* Sources */,
				DD288FB22BAA559B00E9AF65 /* Frameworks */,
				DD288FB32BAA559B00E9AF65 /* Resources */,
			);
			buildRules = (
			);
			dependencies = (
				DD288FB72BAA559B00E9AF65 /* PBXTargetDependency */,
			);
			name = LoanDetailViewsUITests;
			productName = LoanDetailViewsUITests;
			productReference = DD288FB52BAA559B00E9AF65 /* LoanDetailViewsUITests.xctest */;
			productType = "com.apple.product-type.bundle.ui-testing";
		};
/* End PBXNativeTarget section */

/* Begin PBXProject section */
		DD288F932BAA557800E9AF65 /* Project object */ = {
			isa = PBXProject;
			attributes = {
				BuildIndependentTargetsInParallel = 1;
				LastSwiftUpdateCheck = 1400;
				LastUpgradeCheck = 1400;
				TargetAttributes = {
					DD288F9A2BAA557800E9AF65 = {
						CreatedOnToolsVersion = 14.0;
					};
					DD288FAA2BAA559A00E9AF65 = {
						CreatedOnToolsVersion = 14.0;
						TestTargetID = DD288F9A2BAA557800E9AF65;
					};
					DD288FB42BAA559B00E9AF65 = {
						CreatedOnToolsVersion = 14.0;
						TestTargetID = DD288F9A2BAA557800E9AF65;
					};
				};
			};
			buildConfigurationList = DD288F962BAA557800E9AF65 /* Build configuration list for PBXProject "LoanDetailViews" */;
			compatibilityVersion = "Xcode 14.0";
			developmentRegion = en;
			hasScannedForEncodings = 0;
			knownRegions = (
				en,
				Base,
			);
			mainGroup = DD288F922BAA557800E9AF65;
			productRefGroup = DD288F9C2BAA557800E9AF65 /* Products */;
			projectDirPath = "";
			projectRoot = "";
			targets = (
				DD288F9A2BAA557800E9AF65 /* LoanDetailViews */,
				DD288FAA2BAA559A00E9AF65 /* LoanDetailViewsTests */,
				DD288FB42BAA559B00E9AF65 /* LoanDetailViewsUITests */,
			);
		};
/* End PBXProject section */

/* Begin PBXResourcesBuildPhase section */
		DD288F992BAA557800E9AF65 /* Resources */ = {
			isa = PBXResourcesBuildPhase;
			buildActionMask = 2147483647;
			files = (
				DD288FA62BAA559A00E9AF65 /* Preview Assets.xcassets in Resources */,
				DD288FA32BAA559A00E9AF65 /* Assets.xcassets in Resources */,
			);
			runOnlyForDeploymentPostprocessing = 0;
		};
		DD288FA92BAA559A00E9AF65 /* Resources */ = {
			isa = PBXResourcesBuildPhase;
			buildActionMask = 2147483647;
			files = (
			);
			runOnlyForDeploymentPostprocessing = 0;
		};
		DD288FB32BAA559B00E9AF65 /* Resources */ = {
			isa = PBXResourcesBuildPhase;
			buildActionMask = 2147483647;
			files = (
			);
			runOnlyForDeploymentPostprocessing = 0;
		};
/* End PBXResourcesBuildPhase section */

/* Begin PBXSourcesBuildPhase section */
		DD288F972BAA557800E9AF65 /* Sources */ = {
			isa = PBXSourcesBuildPhase;
			buildActionMask = 2147483647;
			files = (
				DD288FA12BAA557800E9AF65 /* ContentView.swift in Sources */,
				DD288F9F2BAA557800E9AF65 /* LoanDetailViewsApp.swift in Sources */,
			);
			runOnlyForDeploymentPostprocessing = 0;
		};
		DD288FA72BAA559A00E9AF65 /* Sources */ = {
			isa = PBXSourcesBuildPhase;
			buildActionMask = 2147483647;
			files = (
				DD288FB02BAA559A00E9AF65 /* LoanDetailViewsTests.swift in Sources */,
			);
			runOnlyForDeploymentPostprocessing = 0;
		};
		DD288FB12BAA559B00E9AF65 /* Sources */ = {
			isa = PBXSourcesBuildPhase;
			buildActionMask = 2147483647;
			files = (
				DD288FBC2BAA559B00E9AF65 /* LoanDetailViewsUITestsLaunchTests.swift in Sources */,
				DD288FBA2BAA559B00E9AF65 /* LoanDetailViewsUITests.swift in Sources */,
			);
			runOnlyForDeploymentPostprocessing = 0;
		};
/* End PBXSourcesBuildPhase section */

/* Begin PBXTargetDependency section */
		DD288FAD2BAA559A00E9AF65 /* PBXTargetDependency */ = {
			isa = PBXTargetDependency;
			target = DD288F9A2BAA557800E9AF65 /* LoanDetailViews */;
			targetProxy = DD288FAC2BAA559A00E9AF65 /* PBXContainerItemProxy */;
		};
		DD288FB72BAA559B00E9AF65 /* PBXTargetDependency */ = {
			isa = PBXTargetDependency;
			target = DD288F9A2BAA557800E9AF65 /* LoanDetailViews */;
			targetProxy = DD288FB62BAA559B00E9AF65 /* PBXContainerItemProxy */;
		};
/* End PBXTargetDependency section */

/* Begin XCBuildConfiguration section */
		DD288FBD2BAA559B00E9AF65 /* Debug */ = {
			isa = XCBuildConfiguration;
			buildSettings = {
				ALWAYS_SEARCH_USER_PATHS = NO;
				CLANG_ANALYZER_NONNULL = YES;
				CLANG_ANALYZER_NUMBER_OBJECT_CONVERSION = YES_AGGRESSIVE;
				CLANG_CXX_LANGUAGE_STANDARD = "gnu++20";
				CLANG_ENABLE_MODULES = YES;
				CLANG_ENABLE_OBJC_ARC = YES;
				CLANG_ENABLE_OBJC_WEAK = YES;
				CLANG_WARN_BLOCK_CAPTURE_AUTORELEASING = YES;
				CLANG_WARN_BOOL_CONVERSION = YES;
				CLANG_WARN_COMMA = YES;
				CLANG_WARN_CONSTANT_CONVERSION = YES;
				CLANG_WARN_DEPRECATED_OBJC_IMPLEMENTATIONS = YES;
				CLANG_WARN_DIRECT_OBJC_ISA_USAGE = YES_ERROR;
				CLANG_WARN_DOCUMENTATION_COMMENTS = YES;
				CLANG_WARN_EMPTY_BODY = YES;
				CLANG_WARN_ENUM_CONVERSION = YES;
				CLANG_WARN_INFINITE_RECURSION = YES;
				CLANG_WARN_INT_CONVERSION = YES;
				CLANG_WARN_NON_LITERAL_NULL_CONVERSION = YES;
				CLANG_WARN_OBJC_IMPLICIT_RETAIN_SELF = YES;
				CLANG_WARN_OBJC_LITERAL_CONVERSION = YES;
				CLANG_WARN_OBJC_ROOT_CLASS = YES_ERROR;
				CLANG_WARN_QUOTED_INCLUDE_IN_FRAMEWORK_HEADER = YES;
				CLANG_WARN_RANGE_LOOP_ANALYSIS = YES;
				CLANG_WARN_STRICT_PROTOTYPES = YES;
				CLANG_WARN_SUSPICIOUS_MOVE = YES;
				CLANG_WARN_UNGUARDED_AVAILABILITY = YES_AGGRESSIVE;
				CLANG_WARN_UNREACHABLE_CODE = YES;
				CLANG_WARN__DUPLICATE_METHOD_MATCH = YES;
				COPY_PHASE_STRIP = NO;
				DEBUG_INFORMATION_FORMAT = dwarf;
				ENABLE_STRICT_OBJC_MSGSEND = YES;
				ENABLE_TESTABILITY = YES;
				GCC_C_LANGUAGE_STANDARD = gnu11;
				GCC_DYNAMIC_NO_PIC = NO;
				GCC_NO_COMMON_BLOCKS = YES;
				GCC_OPTIMIZATION_LEVEL = 0;
				GCC_PREPROCESSOR_DEFINITIONS = (
					"DEBUG=1",
					"$(inherited)",
				);
				GCC_WARN_64_TO_32_BIT_CONVERSION = YES;
				GCC_WARN_ABOUT_RETURN_TYPE = YES_ERROR;
				GCC_WARN_UNDECLARED_SELECTOR = YES;
				GCC_WARN_UNINITIALIZED_AUTOS = YES_AGGRESSIVE;
				GCC_WARN_UNUSED_FUNCTION = YES;
				GCC_WARN_UNUSED_VARIABLE = YES;
				IPHONEOS_DEPLOYMENT_TARGET = 16.0;
				MTL_ENABLE_DEBUG_INFO = INCLUDE_SOURCE;
				MTL_FAST_MATH = YES;
				ONLY_ACTIVE_ARCH = YES;
				SDKROOT = iphoneos;
				SWIFT_ACTIVE_COMPILATION_CONDITIONS = DEBUG;
				SWIFT_OPTIMIZATION_LEVEL = "-Onone";
			};
			name = Debug;
		};
		DD288FBE2BAA559B00E9AF65 /* Release */ = {
			isa = XCBuildConfiguration;
			buildSettings = {
				ALWAYS_SEARCH_USER_PATHS = NO;
				CLANG_ANALYZER_NONNULL = YES;
				CLANG_ANALYZER_NUMBER_OBJECT_CONVERSION = YES_AGGRESSIVE;
				CLANG_CXX_LANGUAGE_STANDARD = "gnu++20";
				CLANG_ENABLE_MODULES = YES;
				CLANG_ENABLE_OBJC_ARC = YES;
				CLANG_ENABLE_OBJC_WEAK = YES;
				CLANG_WARN_BLOCK_CAPTURE_AUTORELEASING = YES;
				CLANG_WARN_BOOL_CONVERSION = YES;
				CLANG_WARN_COMMA = YES;
				CLANG_WARN_CONSTANT_CONVERSION = YES;
				CLANG_WARN_DEPRECATED_OBJC_IMPLEMENTATIONS = YES;
				CLANG_WARN_DIRECT_OBJC_ISA_USAGE = YES_ERROR;
				CLANG_WARN_DOCUMENTATION_COMMENTS = YES;
				CLANG_WARN_EMPTY_BODY = YES;
				CLANG_WARN_ENUM_CONVERSION = YES;
				CLANG_WARN_INFINITE_RECURSION = YES;
				CLANG_WARN_INT_CONVERSION = YES;
				CLANG_WARN_NON_LITERAL_NULL_CONVERSION = YES;
				CLANG_WARN_OBJC_IMPLICIT_RETAIN_SELF = YES;
				CLANG_WARN_OBJC_LITERAL_CONVERSION = YES;
				CLANG_WARN_OBJC_ROOT_CLASS = YES_ERROR;
				CLANG_WARN_QUOTED_INCLUDE_IN_FRAMEWORK_HEADER = YES;
				CLANG_WARN_RANGE_LOOP_ANALYSIS = YES;
				CLANG_WARN_STRICT_PROTOTYPES = YES;
				CLANG_WARN_SUSPICIOUS_MOVE = YES;
				CLANG_WARN_UNGUARDED_AVAILABILITY = YES_AGGRESSIVE;
				CLANG_WARN_UNREACHABLE_CODE = YES;
				CLANG_WARN__DUPLICATE_METHOD_MATCH = YES;
				COPY_PHASE_STRIP = NO;
				DEBUG_INFORMATION_FORMAT = "dwarf-with-dsym";
				ENABLE_NS_ASSERTIONS = NO;
				ENABLE_STRICT_OBJC_MSGSEND = YES;
				GCC_C_LANGUAGE_STANDARD = gnu11;
				GCC_NO_COMMON_BLOCKS = YES;
				GCC_WARN_64_TO_32_BIT_CONVERSION = YES;
				GCC_WARN_ABOUT_RETURN_TYPE = YES_ERROR;
				GCC_WARN_UNDECLARED_SELECTOR = YES;
				GCC_WARN_UNINITIALIZED_AUTOS = YES_AGGRESSIVE;
				GCC_WARN_UNUSED_FUNCTION = YES;
				GCC_WARN_UNUSED_VARIABLE = YES;
				IPHONEOS_DEPLOYMENT_TARGET = 16.0;
				MTL_ENABLE_DEBUG_INFO = NO;
				MTL_FAST_MATH = YES;
				SDKROOT = iphoneos;
				SWIFT_COMPILATION_MODE = wholemodule;
				SWIFT_OPTIMIZATION_LEVEL = "-O";
				VALIDATE_PRODUCT = YES;
			};
			name = Release;
		};
		DD288FC02BAA559B00E9AF65 /* Debug */ = {
			isa = XCBuildConfiguration;
			buildSettings = {
				ASSETCATALOG_COMPILER_APPICON_NAME = AppIcon;
				ASSETCATALOG_COMPILER_GLOBAL_ACCENT_COLOR_NAME = AccentColor;
				CODE_SIGN_STYLE = Automatic;
				CURRENT_PROJECT_VERSION = 1;
				DEVELOPMENT_ASSET_PATHS = "\"LoanDetailViews/Preview Content\"";
				ENABLE_PREVIEWS = YES;
				GENERATE_INFOPLIST_FILE = YES;
				INFOPLIST_KEY_UIApplicationSceneManifest_Generation = YES;
				INFOPLIST_KEY_UIApplicationSupportsIndirectInputEvents = YES;
				INFOPLIST_KEY_UILaunchScreen_Generation = YES;
				INFOPLIST_KEY_UISupportedInterfaceOrientations_iPad = "UIInterfaceOrientationPortrait UIInterfaceOrientationPortraitUpsideDown UIInterfaceOrientationLandscapeLeft UIInterfaceOrientationLandscapeRight";
				INFOPLIST_KEY_UISupportedInterfaceOrientations_iPhone = "UIInterfaceOrientationPortrait UIInterfaceOrientationLandscapeLeft UIInterfaceOrientationLandscapeRight";
				LD_RUNPATH_SEARCH_PATHS = (
					"$(inherited)",
					"@executable_path/Frameworks",
				);
				MARKETING_VERSION = 1.0;
				PRODUCT_BUNDLE_IDENTIFIER = activeone.LoanDetailViews;
				PRODUCT_NAME = "$(TARGET_NAME)";
				SWIFT_EMIT_LOC_STRINGS = YES;
				SWIFT_VERSION = 5.0;
				TARGETED_DEVICE_FAMILY = "1,2";
			};
			name = Debug;
		};
		DD288FC12BAA559B00E9AF65 /* Release */ = {
			isa = XCBuildConfiguration;
			buildSettings = {
				ASSETCATALOG_COMPILER_APPICON_NAME = AppIcon;
				ASSETCATALOG_COMPILER_GLOBAL_ACCENT_COLOR_NAME = AccentColor;
				CODE_SIGN_STYLE = Automatic;
				CURRENT_PROJECT_VERSION = 1;
				DEVELOPMENT_ASSET_PATHS = "\"LoanDetailViews/Preview Content\"";
				ENABLE_PREVIEWS = YES;
				GENERATE_INFOPLIST_FILE = YES;
				INFOPLIST_KEY_UIApplicationSceneManifest_Generation = YES;
				INFOPLIST_KEY_UIApplicationSupportsIndirectInputEvents = YES;
				INFOPLIST_KEY_UILaunchScreen_Generation = YES;
				INFOPLIST_KEY_UISupportedInterfaceOrientations_iPad = "UIInterfaceOrientationPortrait UIInterfaceOrientationPortraitUpsideDown UIInterfaceOrientationLandscapeLeft UIInterfaceOrientationLandscapeRight";
				INFOPLIST_KEY_UISupportedInterfaceOrientations_iPhone = "UIInterfaceOrientationPortrait UIInterfaceOrientationLandscapeLeft UIInterfaceOrientationLandscapeRight";
				LD_RUNPATH_SEARCH_PATHS = (
					"$(inherited)",
					"@executable_path/Frameworks",
				);
				MARKETING_VERSION = 1.0;
				PRODUCT_BUNDLE_IDENTIFIER = activeone.LoanDetailViews;
				PRODUCT_NAME = "$(TARGET_NAME)";
				SWIFT_EMIT_LOC_STRINGS = YES;
				SWIFT_VERSION = 5.0;
				TARGETED_DEVICE_FAMILY = "1,2";
			};
			name = Release;
		};
		DD288FC32BAA559B00E9AF65 /* Debug */ = {
			isa = XCBuildConfiguration;
			buildSettings = {
				ALWAYS_EMBED_SWIFT_STANDARD_LIBRARIES = YES;
				BUNDLE_LOADER = "$(TEST_HOST)";
				CODE_SIGN_STYLE = Automatic;
				CURRENT_PROJECT_VERSION = 1;
				GENERATE_INFOPLIST_FILE = YES;
				IPHONEOS_DEPLOYMENT_TARGET = 16.0;
				MARKETING_VERSION = 1.0;
				PRODUCT_BUNDLE_IDENTIFIER = activeone.LoanDetailViewsTests;
				PRODUCT_NAME = "$(TARGET_NAME)";
				SWIFT_EMIT_LOC_STRINGS = NO;
				SWIFT_VERSION = 5.0;
				TARGETED_DEVICE_FAMILY = "1,2";
				TEST_HOST = "$(BUILT_PRODUCTS_DIR)/LoanDetailViews.app/$(BUNDLE_EXECUTABLE_FOLDER_PATH)/LoanDetailViews";
			};
			name = Debug;
		};
		DD288FC42BAA559B00E9AF65 /* Release */ = {
			isa = XCBuildConfiguration;
			buildSettings = {
				ALWAYS_EMBED_SWIFT_STANDARD_LIBRARIES = YES;
				BUNDLE_LOADER = "$(TEST_HOST)";
				CODE_SIGN_STYLE = Automatic;
				CURRENT_PROJECT_VERSION = 1;
				GENERATE_INFOPLIST_FILE = YES;
				IPHONEOS_DEPLOYMENT_TARGET = 16.0;
				MARKETING_VERSION = 1.0;
				PRODUCT_BUNDLE_IDENTIFIER = activeone.LoanDetailViewsTests;
				PRODUCT_NAME = "$(TARGET_NAME)";
				SWIFT_EMIT_LOC_STRINGS = NO;
				SWIFT_VERSION = 5.0;
				TARGETED_DEVICE_FAMILY = "1,2";
				TEST_HOST = "$(BUILT_PRODUCTS_DIR)/LoanDetailViews.app/$(BUNDLE_EXECUTABLE_FOLDER_PATH)/LoanDetailViews";
			};
			name = Release;
		};
		DD288FC62BAA559B00E9AF65 /* Debug */ = {
			isa = XCBuildConfiguration;
			buildSettings = {
				ALWAYS_EMBED_SWIFT_STANDARD_LIBRARIES = YES;
				CODE_SIGN_STYLE = Automatic;
				CURRENT_PROJECT_VERSION = 1;
				GENERATE_INFOPLIST_FILE = YES;
				MARKETING_VERSION = 1.0;
				PRODUCT_BUNDLE_IDENTIFIER = activeone.LoanDetailViewsUITests;
				PRODUCT_NAME = "$(TARGET_NAME)";
				SWIFT_EMIT_LOC_STRINGS = NO;
				SWIFT_VERSION = 5.0;
				TARGETED_DEVICE_FAMILY = "1,2";
				TEST_TARGET_NAME = LoanDetailViews;
			};
			name = Debug;
		};
		DD288FC72BAA559B00E9AF65 /* Release */ = {
			isa = XCBuildConfiguration;
			buildSettings = {
				ALWAYS_EMBED_SWIFT_STANDARD_LIBRARIES = YES;
				CODE_SIGN_STYLE = Automatic;
				CURRENT_PROJECT_VERSION = 1;
				GENERATE_INFOPLIST_FILE = YES;
				MARKETING_VERSION = 1.0;
				PRODUCT_BUNDLE_IDENTIFIER = activeone.LoanDetailViewsUITests;
				PRODUCT_NAME = "$(TARGET_NAME)";
				SWIFT_EMIT_LOC_STRINGS = NO;
				SWIFT_VERSION = 5.0;
				TARGETED_DEVICE_FAMILY = "1,2";
				TEST_TARGET_NAME = LoanDetailViews;
			};
			name = Release;
		};
/* End XCBuildConfiguration section */

/* Begin XCConfigurationList section */
		DD288F962BAA557800E9AF65 /* Build configuration list for PBXProject "LoanDetailViews" */ = {
			isa = XCConfigurationList;
			buildConfigurations = (
				DD288FBD2BAA559B00E9AF65 /* Debug */,
				DD288FBE2BAA559B00E9AF65 /* Release */,
			);
			defaultConfigurationIsVisible = 0;
			defaultConfigurationName = Release;
		};
		DD288FBF2BAA559B00E9AF65 /* Build configuration list for PBXNativeTarget "LoanDetailViews" */ = {
			isa = XCConfigurationList;
			buildConfigurations = (
				DD288FC02BAA559B00E9AF65 /* Debug */,
				DD288FC12BAA559B00E9AF65 /* Release */,
			);
			defaultConfigurationIsVisible = 0;
			defaultConfigurationName = Release;
		};
		DD288FC22BAA559B00E9AF65 /* Build configuration list for PBXNativeTarget "LoanDetailViewsTests" */ = {
			isa = XCConfigurationList;
			buildConfigurations = (
				DD288FC32BAA559B00E9AF65 /* Debug */,
				DD288FC42BAA559B00E9AF65 /* Release */,
			);
			defaultConfigurationIsVisible = 0;
			defaultConfigurationName = Release;
		};
		DD288FC52BAA559B00E9AF65 /* Build configuration list for PBXNativeTarget "LoanDetailViewsUITests" */ = {
			isa = XCConfigurationList;
			buildConfigurations = (
				DD288FC62BAA559B00E9AF65 /* Debug */,
				DD288FC72BAA559B00E9AF65 /* Release */,
			);
			defaultConfigurationIsVisible = 0;
			defaultConfigurationName = Release;
		};
/* End XCConfigurationList section */
	};
	rootObject = DD288F932BAA557800E9AF65 /* Project object */;
}
